
Microsoft Visual Studio Solution File, Format Version 12.00
# Visual Studio Version 17
VisualStudioVersion = 17.0.31903.59
MinimumVisualStudioVersion = 10.0.40219.1
Project("{FAE04EC0-301F-11D3-BF4B-00C04F79EFBC}") = "ImageEditor.Api", "ImageEditor.Api\ImageEditor.Api.csproj", "{10B27E65-FD70-4145-8CB4-0CDFA71780E8}"
EndProject
Project("{FAE04EC0-301F-11D3-BF4B-00C04F79EFBC}") = "ImageEditor.Business", "ImageEditor.Business\ImageEditor.Business.csproj", "{0272328D-28B7-435C-A7B3-CC17D5C262A4}"
EndProject
Project("{FAE04EC0-301F-11D3-BF4B-00C04F79EFBC}") = "ImageEditor.Data", "ImageEditor.Data\ImageEditor.Data.csproj", "{74CE286E-7D93-49A9-B46E-C99A69193E76}"
EndProject
Global
	GlobalSection(SolutionConfigurationPlatforms) = preSolution
		Debug|Any CPU = Debug|Any CPU
		Release|Any CPU = Release|Any CPU
	EndGlobalSection
	GlobalSection(SolutionProperties) = preSolution
		HideSolutionNode = FALSE
	EndGlobalSection
	GlobalSection(ProjectConfigurationPlatforms) = postSolution
		{10B27E65-FD70-4145-8CB4-0CDFA71780E8}.Debug|Any CPU.ActiveCfg = Debug|Any CPU
		{10B27E65-FD70-4145-8CB4-0CDFA71780E8}.Debug|Any CPU.Build.0 = Debug|Any CPU
		{10B27E65-FD70-4145-8CB4-0CDFA71780E8}.Release|Any CPU.ActiveCfg = Release|Any CPU
		{10B27E65-FD70-4145-8CB4-0CDFA71780E8}.Release|Any CPU.Build.0 = Release|Any CPU
		{0272328D-28B7-435C-A7B3-CC17D5C262A4}.Debug|Any CPU.ActiveCfg = Debug|Any CPU
		{0272328D-28B7-435C-A7B3-CC17D5C262A4}.Debug|Any CPU.Build.0 = Debug|Any CPU
		{0272328D-28B7-435C-A7B3-CC17D5C262A4}.Release|Any CPU.ActiveCfg = Release|Any CPU
		{0272328D-28B7-435C-A7B3-CC17D5C262A4}.Release|Any CPU.Build.0 = Release|Any CPU
		{74CE286E-7D93-49A9-B46E-C99A69193E76}.Debug|Any CPU.ActiveCfg = Debug|Any CPU
		{74CE286E-7D93-49A9-B46E-C99A69193E76}.Debug|Any CPU.Build.0 = Debug|Any CPU
		{74CE286E-7D93-49A9-B46E-C99A69193E76}.Release|Any CPU.ActiveCfg = Release|Any CPU
		{74CE286E-7D93-49A9-B46E-C99A69193E76}.Release|Any CPU.Build.0 = Release|Any CPU
	EndGlobalSection
EndGlobal
